{
  "name": "strange-2016",
  "version": "1.0.0",
  "dependencies": {
    "axios": {
      "version": "0.13.1",
      "from": "node_shrinkwrap/axios-0.13.1.tar",
      "resolved": "./node_shrinkwrap/axios-0.13.1.tar",
      "dependencies": {
        "follow-redirects": {
          "version": "0.0.7",
          "from": "node_shrinkwrap/follow-redirects-0.0.7.tar",
          "resolved": "./node_shrinkwrap/follow-redirects-0.0.7.tar",
          "dependencies": {
            "debug": {
              "version": "2.2.0",
              "from": "node_shrinkwrap/debug-2.2.0.tar",
              "resolved": "./node_shrinkwrap/debug-2.2.0.tar",
              "dependencies": {
                "ms": {
                  "version": "0.7.1",
                  "from": "node_shrinkwrap/ms-0.7.1.tar",
                  "resolved": "./node_shrinkwrap/ms-0.7.1.tar"
                }
              }
            },
            "stream-consume": {
              "version": "0.1.0",
              "from": "node_shrinkwrap/stream-consume-0.1.0.tar",
              "resolved": "./node_shrinkwrap/stream-consume-0.1.0.tar"
            }
          }
        }
      }
    },
    "core-js": {
      "version": "2.4.1",
      "from": "node_shrinkwrap/core-js-2.4.1.tar",
      "resolved": "./node_shrinkwrap/core-js-2.4.1.tar"
    },
    "deep-freeze": {
      "version": "0.0.1",
      "from": "node_shrinkwrap/deep-freeze-0.0.1.tar",
      "resolved": "./node_shrinkwrap/deep-freeze-0.0.1.tar"
    },
    "immutable": {
      "version": "3.8.1",
      "from": "node_shrinkwrap/immutable-3.8.1.tar",
      "resolved": "./node_shrinkwrap/immutable-3.8.1.tar"
    },
    "lodash": {
      "version": "4.17.2",
      "from": "lodash@latest",
      "resolved": "./node_shrinkwrap/lodash-4.17.2.tar"
    },
    "react": {
      "version": "15.3.1",
      "from": "node_shrinkwrap/react-15.3.1.tar",
      "resolved": "./node_shrinkwrap/react-15.3.1.tar",
      "dependencies": {
        "fbjs": {
          "version": "0.8.4",
          "from": "node_shrinkwrap/fbjs-0.8.4.tar",
          "resolved": "./node_shrinkwrap/fbjs-0.8.4.tar",
          "dependencies": {
            "core-js": {
              "version": "1.2.7",
              "from": "node_shrinkwrap/core-js-1.2.7.tar",
              "resolved": "./node_shrinkwrap/core-js-1.2.7.tar"
            },
            "isomorphic-fetch": {
              "version": "2.2.1",
              "from": "node_shrinkwrap/isomorphic-fetch-2.2.1.tar",
              "resolved": "./node_shrinkwrap/isomorphic-fetch-2.2.1.tar",
              "dependencies": {
                "node-fetch": {
                  "version": "1.6.0",
                  "from": "node_shrinkwrap/node-fetch-1.6.0.tar",
                  "resolved": "./node_shrinkwrap/node-fetch-1.6.0.tar",
                  "dependencies": {
                    "encoding": {
                      "version": "0.1.12",
                      "from": "node_shrinkwrap/encoding-0.1.12.tar",
                      "resolved": "./node_shrinkwrap/encoding-0.1.12.tar",
                      "dependencies": {
                        "iconv-lite": {
                          "version": "0.4.13",
                          "from": "node_shrinkwrap/iconv-lite-0.4.13.tar",
                          "resolved": "./node_shrinkwrap/iconv-lite-0.4.13.tar"
                        }
                      }
                    },
                    "is-stream": {
                      "version": "1.1.0",
                      "from": "node_shrinkwrap/is-stream-1.1.0.tar",
                      "resolved": "./node_shrinkwrap/is-stream-1.1.0.tar"
                    }
                  }
                },
                "whatwg-fetch": {
                  "version": "1.0.0",
                  "from": "node_shrinkwrap/whatwg-fetch-1.0.0.tar",
                  "resolved": "./node_shrinkwrap/whatwg-fetch-1.0.0.tar"
                }
              }
            },
            "promise": {
              "version": "7.1.1",
              "from": "node_shrinkwrap/promise-7.1.1.tar",
              "resolved": "./node_shrinkwrap/promise-7.1.1.tar",
              "dependencies": {
                "asap": {
                  "version": "2.0.4",
                  "from": "node_shrinkwrap/asap-2.0.4.tar",
                  "resolved": "./node_shrinkwrap/asap-2.0.4.tar"
                }
              }
            },
            "ua-parser-js": {
              "version": "0.7.10",
              "from": "node_shrinkwrap/ua-parser-js-0.7.10.tar",
              "resolved": "./node_shrinkwrap/ua-parser-js-0.7.10.tar"
            }
          }
        },
        "loose-envify": {
          "version": "1.2.0",
          "from": "node_shrinkwrap/loose-envify-1.2.0.tar",
          "resolved": "./node_shrinkwrap/loose-envify-1.2.0.tar",
          "dependencies": {
            "js-tokens": {
              "version": "1.0.3",
              "from": "node_shrinkwrap/js-tokens-1.0.3.tar",
              "resolved": "./node_shrinkwrap/js-tokens-1.0.3.tar"
            }
          }
        },
        "object-assign": {
          "version": "4.1.0",
          "from": "node_shrinkwrap/object-assign-4.1.0.tar",
          "resolved": "./node_shrinkwrap/object-assign-4.1.0.tar"
        }
      }
    },
    "react-dom": {
      "version": "15.3.1",
      "from": "node_shrinkwrap/react-dom-15.3.1.tar",
      "resolved": "./node_shrinkwrap/react-dom-15.3.1.tar"
    },
    "react-redux": {
      "version": "4.4.5",
      "from": "node_shrinkwrap/react-redux-4.4.5.tar",
      "resolved": "./node_shrinkwrap/react-redux-4.4.5.tar",
      "dependencies": {
        "hoist-non-react-statics": {
          "version": "1.2.0",
          "from": "node_shrinkwrap/hoist-non-react-statics-1.2.0.tar",
          "resolved": "./node_shrinkwrap/hoist-non-react-statics-1.2.0.tar"
        },
        "invariant": {
          "version": "2.2.1",
          "from": "node_shrinkwrap/invariant-2.2.1.tar",
          "resolved": "./node_shrinkwrap/invariant-2.2.1.tar"
        },
        "lodash": {
          "version": "4.15.0",
          "from": "node_shrinkwrap/lodash-4.15.0.tar",
          "resolved": "./node_shrinkwrap/lodash-4.15.0.tar"
        },
        "loose-envify": {
          "version": "1.2.0",
          "from": "node_shrinkwrap/loose-envify-1.2.0.tar",
          "resolved": "./node_shrinkwrap/loose-envify-1.2.0.tar",
          "dependencies": {
            "js-tokens": {
              "version": "1.0.3",
              "from": "node_shrinkwrap/js-tokens-1.0.3.tar",
              "resolved": "./node_shrinkwrap/js-tokens-1.0.3.tar"
            }
          }
        }
      }
    },
    "redux": {
      "version": "3.5.2",
      "from": "node_shrinkwrap/redux-3.5.2.tar",
      "resolved": "./node_shrinkwrap/redux-3.5.2.tar",
      "dependencies": {
        "lodash": {
          "version": "4.15.0",
          "from": "node_shrinkwrap/lodash-4.15.0.tar",
          "resolved": "./node_shrinkwrap/lodash-4.15.0.tar"
        },
        "lodash-es": {
          "version": "4.15.0",
          "from": "node_shrinkwrap/lodash-es-4.15.0.tar",
          "resolved": "./node_shrinkwrap/lodash-es-4.15.0.tar"
        },
        "loose-envify": {
          "version": "1.2.0",
          "from": "node_shrinkwrap/loose-envify-1.2.0.tar",
          "resolved": "./node_shrinkwrap/loose-envify-1.2.0.tar",
          "dependencies": {
            "js-tokens": {
              "version": "1.0.3",
              "from": "node_shrinkwrap/js-tokens-1.0.3.tar",
              "resolved": "./node_shrinkwrap/js-tokens-1.0.3.tar"
            }
          }
        },
        "symbol-observable": {
          "version": "0.2.4",
          "from": "node_shrinkwrap/symbol-observable-0.2.4.tar",
          "resolved": "./node_shrinkwrap/symbol-observable-0.2.4.tar"
        }
      }
    },
    "redux-logic": {
      "version": "0.9.1",
      "from": "node_shrinkwrap/redux-logic-0.9.1.tar",
      "resolved": "./node_shrinkwrap/redux-logic-0.9.1.tar",
      "dependencies": {
        "is-observable": {
          "version": "0.2.0",
          "from": "node_shrinkwrap/is-observable-0.2.0.tar",
          "resolved": "./node_shrinkwrap/is-observable-0.2.0.tar",
          "dependencies": {
            "symbol-observable": {
              "version": "0.2.4",
              "from": "node_shrinkwrap/symbol-observable-0.2.4.tar",
              "resolved": "./node_shrinkwrap/symbol-observable-0.2.4.tar"
            }
          }
        },
        "is-promise": {
          "version": "2.1.0",
          "from": "node_shrinkwrap/is-promise-2.1.0.tar",
          "resolved": "./node_shrinkwrap/is-promise-2.1.0.tar"
        },
        "loose-envify": {
          "version": "1.2.0",
          "from": "node_shrinkwrap/loose-envify-1.2.0.tar",
          "resolved": "./node_shrinkwrap/loose-envify-1.2.0.tar",
          "dependencies": {
            "js-tokens": {
              "version": "1.0.3",
              "from": "node_shrinkwrap/js-tokens-1.0.3.tar",
              "resolved": "./node_shrinkwrap/js-tokens-1.0.3.tar"
            }
          }
        }
      }
    },
    "redux-observable": {
      "version": "0.9.1",
      "from": "node_shrinkwrap/redux-observable-0.9.1.tar",
      "resolved": "./node_shrinkwrap/redux-observable-0.9.1.tar"
    },
    "redux-thunk": {
      "version": "2.1.0",
      "from": "node_shrinkwrap/redux-thunk-2.1.0.tar",
      "resolved": "./node_shrinkwrap/redux-thunk-2.1.0.tar"
    },
    "rxjs": {
      "version": "5.0.0-beta.12",
      "from": "node_shrinkwrap/rxjs-5.0.0-beta.12.tar",
      "resolved": "./node_shrinkwrap/rxjs-5.0.0-beta.12.tar",
      "dependencies": {
        "symbol-observable": {
          "version": "1.0.2",
          "from": "node_shrinkwrap/symbol-observable-1.0.2.tar",
          "resolved": "./node_shrinkwrap/symbol-observable-1.0.2.tar"
        }
      }
    },
    "shortid": {
      "version": "2.2.6",
      "from": "node_shrinkwrap/shortid-2.2.6.tar",
      "resolved": "./node_shrinkwrap/shortid-2.2.6.tar"
    },
    "timm": {
      "version": "1.0.0",
      "from": "node_shrinkwrap/timm-1.0.0.tar",
      "resolved": "./node_shrinkwrap/timm-1.0.0.tar"
    },
    "updeep": {
      "version": "0.16.1",
      "from": "node_shrinkwrap/updeep-0.16.1.tar",
      "resolved": "./node_shrinkwrap/updeep-0.16.1.tar",
      "dependencies": {
        "lodash": {
          "version": "4.15.0",
          "from": "node_shrinkwrap/lodash-4.15.0.tar",
          "resolved": "./node_shrinkwrap/lodash-4.15.0.tar"
        }
      }
    }
  }
}